
Microsoft Visual Studio Solution File, Format Version 12.00
# Visual Studio Version 17
VisualStudioVersion = 17.13.35825.156
MinimumVisualStudioVersion = 10.0.40219.1
Project("{2150E333-8FDC-42A3-9474-1A3956D46DE8}") = "Application", "Application", "{02EA681E-C7D8-13C7-8484-4AC65E1B71E8}"
EndProject
Project("{2150E333-8FDC-42A3-9474-1A3956D46DE8}") = "Domain", "Domain", "{B9861AF8-FF63-4BD1-811C-0109F8B7E4B2}"
EndProject
Project("{2150E333-8FDC-42A3-9474-1A3956D46DE8}") = "DataLayer", "DataLayer", "{41B02504-FCF8-472B-9238-4F50D4629E98}"
EndProject
Project("{2150E333-8FDC-42A3-9474-1A3956D46DE8}") = "Presentation", "Presentation", "{038D77AA-353E-4435-BE3B-9D536AABA5D8}"
EndProject
Project("{2150E333-8FDC-42A3-9474-1A3956D46DE8}") = "IoC", "IoC", "{70BF92F5-C987-44DB-90EF-F458D9DDEE0E}"
EndProject
Project("{FAE04EC0-301F-11D3-BF4B-00C04F79EFBC}") = "HyperKala.Domain", "HyperKala.Domain\HyperKala.Domain.csproj", "{E0DF342C-6EEF-4D0E-93C0-1E1CB8263BA5}"
EndProject
Project("{FAE04EC0-301F-11D3-BF4B-00C04F79EFBC}") = "HyperKala.Application", "HyperKala.Application\HyperKala.Application.csproj", "{BA007BCF-C902-4EA0-AF85-4376553AC373}"
EndProject
Project("{FAE04EC0-301F-11D3-BF4B-00C04F79EFBC}") = "HyperKala.DataLayer", "HyperKala.DataLayer\HyperKala.DataLayer.csproj", "{BDF3DAEA-1566-4B80-AC94-1506D1CE8EE4}"
EndProject
Project("{FAE04EC0-301F-11D3-BF4B-00C04F79EFBC}") = "HyperKala.IoC", "HyperKala.IoC\HyperKala.IoC.csproj", "{71720B65-7807-44A5-92C6-945DE8314C47}"
EndProject
Project("{FAE04EC0-301F-11D3-BF4B-00C04F79EFBC}") = "HyperKala.Web", "HyperKala.Web\HyperKala.Web.csproj", "{09EDC850-08AB-40C6-93D5-B8EF4BBF0F3E}"
EndProject
Global
	GlobalSection(SolutionConfigurationPlatforms) = preSolution
		Debug|Any CPU = Debug|Any CPU
		Release|Any CPU = Release|Any CPU
	EndGlobalSection
	GlobalSection(ProjectConfigurationPlatforms) = postSolution
		{E0DF342C-6EEF-4D0E-93C0-1E1CB8263BA5}.Debug|Any CPU.ActiveCfg = Debug|Any CPU
		{E0DF342C-6EEF-4D0E-93C0-1E1CB8263BA5}.Debug|Any CPU.Build.0 = Debug|Any CPU
		{E0DF342C-6EEF-4D0E-93C0-1E1CB8263BA5}.Release|Any CPU.ActiveCfg = Release|Any CPU
		{E0DF342C-6EEF-4D0E-93C0-1E1CB8263BA5}.Release|Any CPU.Build.0 = Release|Any CPU
		{BA007BCF-C902-4EA0-AF85-4376553AC373}.Debug|Any CPU.ActiveCfg = Debug|Any CPU
		{BA007BCF-C902-4EA0-AF85-4376553AC373}.Debug|Any CPU.Build.0 = Debug|Any CPU
		{BA007BCF-C902-4EA0-AF85-4376553AC373}.Release|Any CPU.ActiveCfg = Release|Any CPU
		{BA007BCF-C902-4EA0-AF85-4376553AC373}.Release|Any CPU.Build.0 = Release|Any CPU
		{BDF3DAEA-1566-4B80-AC94-1506D1CE8EE4}.Debug|Any CPU.ActiveCfg = Debug|Any CPU
		{BDF3DAEA-1566-4B80-AC94-1506D1CE8EE4}.Debug|Any CPU.Build.0 = Debug|Any CPU
		{BDF3DAEA-1566-4B80-AC94-1506D1CE8EE4}.Release|Any CPU.ActiveCfg = Release|Any CPU
		{BDF3DAEA-1566-4B80-AC94-1506D1CE8EE4}.Release|Any CPU.Build.0 = Release|Any CPU
		{71720B65-7807-44A5-92C6-945DE8314C47}.Debug|Any CPU.ActiveCfg = Debug|Any CPU
		{71720B65-7807-44A5-92C6-945DE8314C47}.Debug|Any CPU.Build.0 = Debug|Any CPU
		{71720B65-7807-44A5-92C6-945DE8314C47}.Release|Any CPU.ActiveCfg = Release|Any CPU
		{71720B65-7807-44A5-92C6-945DE8314C47}.Release|Any CPU.Build.0 = Release|Any CPU
		{09EDC850-08AB-40C6-93D5-B8EF4BBF0F3E}.Debug|Any CPU.ActiveCfg = Debug|Any CPU
		{09EDC850-08AB-40C6-93D5-B8EF4BBF0F3E}.Debug|Any CPU.Build.0 = Debug|Any CPU
		{09EDC850-08AB-40C6-93D5-B8EF4BBF0F3E}.Release|Any CPU.ActiveCfg = Release|Any CPU
		{09EDC850-08AB-40C6-93D5-B8EF4BBF0F3E}.Release|Any CPU.Build.0 = Release|Any CPU
	EndGlobalSection
	GlobalSection(SolutionProperties) = preSolution
		HideSolutionNode = FALSE
	EndGlobalSection
	GlobalSection(NestedProjects) = preSolution
		{E0DF342C-6EEF-4D0E-93C0-1E1CB8263BA5} = {B9861AF8-FF63-4BD1-811C-0109F8B7E4B2}
		{BA007BCF-C902-4EA0-AF85-4376553AC373} = {02EA681E-C7D8-13C7-8484-4AC65E1B71E8}
		{BDF3DAEA-1566-4B80-AC94-1506D1CE8EE4} = {41B02504-FCF8-472B-9238-4F50D4629E98}
		{71720B65-7807-44A5-92C6-945DE8314C47} = {70BF92F5-C987-44DB-90EF-F458D9DDEE0E}
		{09EDC850-08AB-40C6-93D5-B8EF4BBF0F3E} = {038D77AA-353E-4435-BE3B-9D536AABA5D8}
	EndGlobalSection
	GlobalSection(ExtensibilityGlobals) = postSolution
		SolutionGuid = {EA0241CB-EFC3-4FB4-84D1-C805720CEFC9}
	EndGlobalSection
EndGlobal
