
Microsoft Visual Studio Solution File, Format Version 12.00
# Visual Studio Version 17
VisualStudioVersion = 17.13.35825.156 d17.13
MinimumVisualStudioVersion = 10.0.40219.1
Project("{FAE04EC0-301F-11D3-BF4B-00C04F79EFBC}") = "ZayraMarket.Web", "ZayraMarket.Web\ZayraMarket.Web.csproj", "{3DA76AE5-5A28-4FE4-A788-6A93D003531C}"
EndProject
Project("{FAE04EC0-301F-11D3-BF4B-00C04F79EFBC}") = "ZayraMarket.Application", "ZayraMarket.Application\ZayraMarket.Application.csproj", "{E449FE42-9059-409C-A6BC-E81C08422826}"
EndProject
Project("{FAE04EC0-301F-11D3-BF4B-00C04F79EFBC}") = "ZayraMarket.DataLayer", "ZayraMarket.DataLayer\ZayraMarket.DataLayer.csproj", "{31C33014-EFFC-400A-BFCB-555C31A50C1A}"
EndProject
Global
	GlobalSection(SolutionConfigurationPlatforms) = preSolution
		Debug|Any CPU = Debug|Any CPU
		Release|Any CPU = Release|Any CPU
	EndGlobalSection
	GlobalSection(ProjectConfigurationPlatforms) = postSolution
		{3DA76AE5-5A28-4FE4-A788-6A93D003531C}.Debug|Any CPU.ActiveCfg = Debug|Any CPU
		{3DA76AE5-5A28-4FE4-A788-6A93D003531C}.Debug|Any CPU.Build.0 = Debug|Any CPU
		{3DA76AE5-5A28-4FE4-A788-6A93D003531C}.Release|Any CPU.ActiveCfg = Release|Any CPU
		{3DA76AE5-5A28-4FE4-A788-6A93D003531C}.Release|Any CPU.Build.0 = Release|Any CPU
		{E449FE42-9059-409C-A6BC-E81C08422826}.Debug|Any CPU.ActiveCfg = Debug|Any CPU
		{E449FE42-9059-409C-A6BC-E81C08422826}.Debug|Any CPU.Build.0 = Debug|Any CPU
		{E449FE42-9059-409C-A6BC-E81C08422826}.Release|Any CPU.ActiveCfg = Release|Any CPU
		{E449FE42-9059-409C-A6BC-E81C08422826}.Release|Any CPU.Build.0 = Release|Any CPU
		{31C33014-EFFC-400A-BFCB-555C31A50C1A}.Debug|Any CPU.ActiveCfg = Debug|Any CPU
		{31C33014-EFFC-400A-BFCB-555C31A50C1A}.Debug|Any CPU.Build.0 = Debug|Any CPU
		{31C33014-EFFC-400A-BFCB-555C31A50C1A}.Release|Any CPU.ActiveCfg = Release|Any CPU
		{31C33014-EFFC-400A-BFCB-555C31A50C1A}.Release|Any CPU.Build.0 = Release|Any CPU
	EndGlobalSection
	GlobalSection(SolutionProperties) = preSolution
		HideSolutionNode = FALSE
	EndGlobalSection
	GlobalSection(ExtensibilityGlobals) = postSolution
		SolutionGuid = {2A778A16-D65C-4581-8223-9D8B4470B835}
	EndGlobalSection
EndGlobal
